// !$*UTF8*$!
{
	archiveVersion = 1;
	classes = {
	};
	objectVersion = 48;
	objects = {

/* Begin PBXBuildFile section */
		3F584AFA1FDE4F280058D300 /* Xarvok.png in Resources */ = {isa = PBXBuildFile; fileRef = 3F584AF81FDE4F270058D300 /* Xarvok.png */; };
		3F584AFB1FDE4F280058D300 /* Geremlo.png in Resources */ = {isa = PBXBuildFile; fileRef = 3F584AF91FDE4F270058D300 /* Geremlo.png */; };
		3F584AFD1FDE4FF40058D300 /* RowWipeAbility.swift in Sources */ = {isa = PBXBuildFile; fileRef = 3F584AFC1FDE4FF40058D300 /* RowWipeAbility.swift */; };
		3F584AFF1FDE54B00058D300 /* ClusterBombAbility.swift in Sources */ = {isa = PBXBuildFile; fileRef = 3F584AFE1FDE54B00058D300 /* ClusterBombAbility.swift */; };
		3F584B011FDE56410058D300 /* CharacterStoreTableViewCell.swift in Sources */ = {isa = PBXBuildFile; fileRef = 3F584B001FDE56410058D300 /* CharacterStoreTableViewCell.swift */; };
		3F63635B1FB138F800A9D3C7 /* Sun_SwitchTests.swift in Sources */ = {isa = PBXBuildFile; fileRef = 3F63635A1FB138F800A9D3C7 /* Sun_SwitchTests.swift */; };
		3F6363661FB138F800A9D3C7 /* Sun_SwitchUITests.swift in Sources */ = {isa = PBXBuildFile; fileRef = 3F6363651FB138F800A9D3C7 /* Sun_SwitchUITests.swift */; };
		3F98CB1A1FCFA37E00106D1A /* AbilityModel.swift in Sources */ = {isa = PBXBuildFile; fileRef = 3F98CB181FCFA37E00106D1A /* AbilityModel.swift */; };
		3F98CB1B1FCFA37E00106D1A /* CharacterModel.swift in Sources */ = {isa = PBXBuildFile; fileRef = 3F98CB191FCFA37E00106D1A /* CharacterModel.swift */; };
		3F98CB201FCFA39D00106D1A /* TimeStopAbility.swift in Sources */ = {isa = PBXBuildFile; fileRef = 3F98CB1D1FCFA39D00106D1A /* TimeStopAbility.swift */; };
		3F98CB211FCFA39D00106D1A /* TeleportAbility.swift in Sources */ = {isa = PBXBuildFile; fileRef = 3F98CB1E1FCFA39D00106D1A /* TeleportAbility.swift */; };
		3F98CB221FCFA39D00106D1A /* PointBoostAbility.swift in Sources */ = {isa = PBXBuildFile; fileRef = 3F98CB1F1FCFA39D00106D1A /* PointBoostAbility.swift */; };
		3F98CB251FCFA50000106D1A /* CharacterTableViewCell.swift in Sources */ = {isa = PBXBuildFile; fileRef = 3F98CB231FCFA50000106D1A /* CharacterTableViewCell.swift */; };
		3F98CB261FCFA50000106D1A /* AbilityStoreTableViewCell.swift in Sources */ = {isa = PBXBuildFile; fileRef = 3F98CB241FCFA50000106D1A /* AbilityStoreTableViewCell.swift */; };
		3F98CB291FCFA51200106D1A /* CharacterTableViewController.swift in Sources */ = {isa = PBXBuildFile; fileRef = 3F98CB271FCFA51200106D1A /* CharacterTableViewController.swift */; };
		3F98CB2A1FCFA51200106D1A /* StoreTableViewController.swift in Sources */ = {isa = PBXBuildFile; fileRef = 3F98CB281FCFA51200106D1A /* StoreTableViewController.swift */; };
		3F98CB311FCFA66100106D1A /* UserDataHolder.swift in Sources */ = {isa = PBXBuildFile; fileRef = 3F98CB301FCFA66100106D1A /* UserDataHolder.swift */; };
		3F98CB361FCFA69A00106D1A /* Person2.png in Resources */ = {isa = PBXBuildFile; fileRef = 3F98CB331FCFA69A00106D1A /* Person2.png */; };
		3F98CB371FCFA69A00106D1A /* Person1.jpg in Resources */ = {isa = PBXBuildFile; fileRef = 3F98CB341FCFA69A00106D1A /* Person1.jpg */; };
		3F98CB381FCFA69A00106D1A /* Person3.jpeg in Resources */ = {isa = PBXBuildFile; fileRef = 3F98CB351FCFA69A00106D1A /* Person3.jpeg */; };
		3FAF5B661FD8ACE700ECD047 /* Captain Pointman.png in Resources */ = {isa = PBXBuildFile; fileRef = 3FAF5B641FD8ACE600ECD047 /* Captain Pointman.png */; };
		3FAF5B671FD8ACE700ECD047 /* Doc Boom.png in Resources */ = {isa = PBXBuildFile; fileRef = 3FAF5B651FD8ACE600ECD047 /* Doc Boom.png */; };
		3FAF5B691FD8AE7900ECD047 /* Chrona.png in Resources */ = {isa = PBXBuildFile; fileRef = 3FAF5B681FD8AE7900ECD047 /* Chrona.png */; };
		3FC081BA1FD6093C002EAACC /* GetPointsBonus.swift in Sources */ = {isa = PBXBuildFile; fileRef = 3FC081B91FD6093C002EAACC /* GetPointsBonus.swift */; };
		3FC081BC1FD60968002EAACC /* BonusModel.swift in Sources */ = {isa = PBXBuildFile; fileRef = 3FC081BB1FD60968002EAACC /* BonusModel.swift */; };
		3FC081BE1FD60B06002EAACC /* DropBombBonus.swift in Sources */ = {isa = PBXBuildFile; fileRef = 3FC081BD1FD60B06002EAACC /* DropBombBonus.swift */; };
		3FC21EB01FD9B65A001FC9E3 /* AudioPlayer.swift in Sources */ = {isa = PBXBuildFile; fileRef = 3FC21EAF1FD9B65A001FC9E3 /* AudioPlayer.swift */; };
		3FD5D9E61FD363FC00C78396 /* DropBombAbility.swift in Sources */ = {isa = PBXBuildFile; fileRef = 3FD5D9E51FD363FC00C78396 /* DropBombAbility.swift */; };
		3FD5DA0E1FD3878B00C78396 /* data.json in Resources */ = {isa = PBXBuildFile; fileRef = 3FD5DA0D1FD3878B00C78396 /* data.json */; };
		AE0061A41FDF438F00582A97 /* Main.storyboard in Resources */ = {isa = PBXBuildFile; fileRef = AE0061A21FDF438F00582A97 /* Main.storyboard */; };
		AE01B78A1FDF4E2600F38CED /* explosion.wav in Resources */ = {isa = PBXBuildFile; fileRef = AE01B7891FDF4E2600F38CED /* explosion.wav */; };
		AE1F0E7A1FCF94CE008FD26B /* Assets.xcassets in Resources */ = {isa = PBXBuildFile; fileRef = AE1F0E6C1FCF94CE008FD26B /* Assets.xcassets */; };
		AE1F0E7B1FCF94CE008FD26B /* LaunchScreen.storyboard in Resources */ = {isa = PBXBuildFile; fileRef = AE1F0E6E1FCF94CE008FD26B /* LaunchScreen.storyboard */; };
		AE1F0E7D1FCF94CE008FD26B /* GameScene.sks in Resources */ = {isa = PBXBuildFile; fileRef = AE1F0E731FCF94CE008FD26B /* GameScene.sks */; };
		AE1F0E7E1FCF94CE008FD26B /* GameScene.swift in Sources */ = {isa = PBXBuildFile; fileRef = AE1F0E741FCF94CE008FD26B /* GameScene.swift */; };
		AE1F0E7F1FCF94CE008FD26B /* BoardModel.swift in Sources */ = {isa = PBXBuildFile; fileRef = AE1F0E761FCF94CE008FD26B /* BoardModel.swift */; };
		AE1F0E801FCF94CE008FD26B /* GameModel.swift in Sources */ = {isa = PBXBuildFile; fileRef = AE1F0E771FCF94CE008FD26B /* GameModel.swift */; };
		AE1F0E811FCF94CE008FD26B /* PieceModel.swift in Sources */ = {isa = PBXBuildFile; fileRef = AE1F0E781FCF94CE008FD26B /* PieceModel.swift */; };
		AE1F0E821FCF94CE008FD26B /* RowModel.swift in Sources */ = {isa = PBXBuildFile; fileRef = AE1F0E791FCF94CE008FD26B /* RowModel.swift */; };
		AE1F0E961FCF94DE008FD26B /* GameViewController.swift in Sources */ = {isa = PBXBuildFile; fileRef = AE1F0E851FCF94DE008FD26B /* GameViewController.swift */; };
		AE1F0E971FCF94DE008FD26B /* HomeViewController.swift in Sources */ = {isa = PBXBuildFile; fileRef = AE1F0E861FCF94DE008FD26B /* HomeViewController.swift */; };
		AE1F0E981FCF94DE008FD26B /* SettingsViewController.swift in Sources */ = {isa = PBXBuildFile; fileRef = AE1F0E871FCF94DE008FD26B /* SettingsViewController.swift */; };
		AE1F0E9B1FCF94DE008FD26B /* CharChoice.swift in Sources */ = {isa = PBXBuildFile; fileRef = AE1F0E8C1FCF94DE008FD26B /* CharChoice.swift */; };
		AE1F0E9C1FCF94DE008FD26B /* settingsPopUp.swift in Sources */ = {isa = PBXBuildFile; fileRef = AE1F0E8D1FCF94DE008FD26B /* settingsPopUp.swift */; };
		AE1F0E9D1FCF94DE008FD26B /* s1.gif in Resources */ = {isa = PBXBuildFile; fileRef = AE1F0E8F1FCF94DE008FD26B /* s1.gif */; };
		AE1F0E9E1FCF94DE008FD26B /* s2.gif in Resources */ = {isa = PBXBuildFile; fileRef = AE1F0E901FCF94DE008FD26B /* s2.gif */; };
		AE1F0E9F1FCF94DE008FD26B /* sun_title.gif in Resources */ = {isa = PBXBuildFile; fileRef = AE1F0E911FCF94DE008FD26B /* sun_title.gif */; };
		AE1F0EA01FCF94DE008FD26B /* Swift+Gif.swift in Sources */ = {isa = PBXBuildFile; fileRef = AE1F0E921FCF94DE008FD26B /* Swift+Gif.swift */; };
		AE1F0EA11FCF94DE008FD26B /* AppDelegate.swift in Sources */ = {isa = PBXBuildFile; fileRef = AE1F0E931FCF94DE008FD26B /* AppDelegate.swift */; };
		AE1F0EA21FCF94DE008FD26B /* To Do in Resources */ = {isa = PBXBuildFile; fileRef = AE1F0E941FCF94DE008FD26B /* To Do */; };
		AE1F0EF01FD3B36F008FD26B /* GameOverViewController.swift in Sources */ = {isa = PBXBuildFile; fileRef = AE1F0EEF1FD3B36F008FD26B /* GameOverViewController.swift */; };
		AE1F0EF21FD3F6C8008FD26B /* RoundedButton.swift in Sources */ = {isa = PBXBuildFile; fileRef = AE1F0EF11FD3F6C8008FD26B /* RoundedButton.swift */; };
		AE1F0EF81FD69762008FD26B /* game.wav in Resources */ = {isa = PBXBuildFile; fileRef = AE1F0EF51FD69762008FD26B /* game.wav */; };
		AE1F0EF91FD69762008FD26B /* title2.ogg in Resources */ = {isa = PBXBuildFile; fileRef = AE1F0EF61FD69762008FD26B /* title2.ogg */; };
		AE1F0EFA1FD69762008FD26B /* title2.wav in Resources */ = {isa = PBXBuildFile; fileRef = AE1F0EF71FD69762008FD26B /* title2.wav */; };
/* End PBXBuildFile section */

/* Begin PBXContainerItemProxy section */
		3F6363571FB138F800A9D3C7 /* PBXContainerItemProxy */ = {
			isa = PBXContainerItemProxy;
			containerPortal = 3F6363341FB138F800A9D3C7 /* Project object */;
			proxyType = 1;
			remoteGlobalIDString = 3F63633B1FB138F800A9D3C7;
			remoteInfo = "Sun Switch";
		};
		3F6363621FB138F800A9D3C7 /* PBXContainerItemProxy */ = {
			isa = PBXContainerItemProxy;
			containerPortal = 3F6363341FB138F800A9D3C7 /* Project object */;
			proxyType = 1;
			remoteGlobalIDString = 3F63633B1FB138F800A9D3C7;
			remoteInfo = "Sun Switch";
		};
/* End PBXContainerItemProxy section */

/* Begin PBXFileReference section */
		3F584AF81FDE4F270058D300 /* Xarvok.png */ = {isa = PBXFileReference; lastKnownFileType = image.png; path = Xarvok.png; sourceTree = "<group>"; };
		3F584AF91FDE4F270058D300 /* Geremlo.png */ = {isa = PBXFileReference; lastKnownFileType = image.png; path = Geremlo.png; sourceTree = "<group>"; };
		3F584AFC1FDE4FF40058D300 /* RowWipeAbility.swift */ = {isa = PBXFileReference; lastKnownFileType = sourcecode.swift; path = RowWipeAbility.swift; sourceTree = "<group>"; };
		3F584AFE1FDE54B00058D300 /* ClusterBombAbility.swift */ = {isa = PBXFileReference; lastKnownFileType = sourcecode.swift; path = ClusterBombAbility.swift; sourceTree = "<group>"; };
		3F584B001FDE56410058D300 /* CharacterStoreTableViewCell.swift */ = {isa = PBXFileReference; lastKnownFileType = sourcecode.swift; path = CharacterStoreTableViewCell.swift; sourceTree = "<group>"; };
		3F63633C1FB138F800A9D3C7 /* Sun Switch.app */ = {isa = PBXFileReference; explicitFileType = wrapper.application; includeInIndex = 0; path = "Sun Switch.app"; sourceTree = BUILT_PRODUCTS_DIR; };
		3F6363511FB138F800A9D3C7 /* Info.plist */ = {isa = PBXFileReference; lastKnownFileType = text.plist.xml; path = Info.plist; sourceTree = "<group>"; };
		3F6363561FB138F800A9D3C7 /* Sun SwitchTests.xctest */ = {isa = PBXFileReference; explicitFileType = wrapper.cfbundle; includeInIndex = 0; path = "Sun SwitchTests.xctest"; sourceTree = BUILT_PRODUCTS_DIR; };
		3F63635A1FB138F800A9D3C7 /* Sun_SwitchTests.swift */ = {isa = PBXFileReference; lastKnownFileType = sourcecode.swift; path = Sun_SwitchTests.swift; sourceTree = "<group>"; };
		3F63635C1FB138F800A9D3C7 /* Info.plist */ = {isa = PBXFileReference; lastKnownFileType = text.plist.xml; path = Info.plist; sourceTree = "<group>"; };
		3F6363611FB138F800A9D3C7 /* Sun SwitchUITests.xctest */ = {isa = PBXFileReference; explicitFileType = wrapper.cfbundle; includeInIndex = 0; path = "Sun SwitchUITests.xctest"; sourceTree = BUILT_PRODUCTS_DIR; };
		3F6363651FB138F800A9D3C7 /* Sun_SwitchUITests.swift */ = {isa = PBXFileReference; lastKnownFileType = sourcecode.swift; path = Sun_SwitchUITests.swift; sourceTree = "<group>"; };
		3F6363671FB138F800A9D3C7 /* Info.plist */ = {isa = PBXFileReference; lastKnownFileType = text.plist.xml; path = Info.plist; sourceTree = "<group>"; };
		3F98CB181FCFA37E00106D1A /* AbilityModel.swift */ = {isa = PBXFileReference; fileEncoding = 4; lastKnownFileType = sourcecode.swift; path = AbilityModel.swift; sourceTree = "<group>"; };
		3F98CB191FCFA37E00106D1A /* CharacterModel.swift */ = {isa = PBXFileReference; fileEncoding = 4; lastKnownFileType = sourcecode.swift; path = CharacterModel.swift; sourceTree = "<group>"; };
		3F98CB1D1FCFA39D00106D1A /* TimeStopAbility.swift */ = {isa = PBXFileReference; fileEncoding = 4; lastKnownFileType = sourcecode.swift; path = TimeStopAbility.swift; sourceTree = "<group>"; };
		3F98CB1E1FCFA39D00106D1A /* TeleportAbility.swift */ = {isa = PBXFileReference; fileEncoding = 4; lastKnownFileType = sourcecode.swift; path = TeleportAbility.swift; sourceTree = "<group>"; };
		3F98CB1F1FCFA39D00106D1A /* PointBoostAbility.swift */ = {isa = PBXFileReference; fileEncoding = 4; lastKnownFileType = sourcecode.swift; path = PointBoostAbility.swift; sourceTree = "<group>"; };
		3F98CB231FCFA50000106D1A /* CharacterTableViewCell.swift */ = {isa = PBXFileReference; fileEncoding = 4; lastKnownFileType = sourcecode.swift; path = CharacterTableViewCell.swift; sourceTree = "<group>"; };
		3F98CB241FCFA50000106D1A /* AbilityStoreTableViewCell.swift */ = {isa = PBXFileReference; fileEncoding = 4; lastKnownFileType = sourcecode.swift; path = AbilityStoreTableViewCell.swift; sourceTree = "<group>"; };
		3F98CB271FCFA51200106D1A /* CharacterTableViewController.swift */ = {isa = PBXFileReference; fileEncoding = 4; lastKnownFileType = sourcecode.swift; path = CharacterTableViewController.swift; sourceTree = "<group>"; };
		3F98CB281FCFA51200106D1A /* StoreTableViewController.swift */ = {isa = PBXFileReference; fileEncoding = 4; lastKnownFileType = sourcecode.swift; path = StoreTableViewController.swift; sourceTree = "<group>"; };
		3F98CB301FCFA66100106D1A /* UserDataHolder.swift */ = {isa = PBXFileReference; fileEncoding = 4; lastKnownFileType = sourcecode.swift; path = UserDataHolder.swift; sourceTree = "<group>"; };
		3F98CB331FCFA69A00106D1A /* Person2.png */ = {isa = PBXFileReference; lastKnownFileType = image.png; path = Person2.png; sourceTree = "<group>"; };
		3F98CB341FCFA69A00106D1A /* Person1.jpg */ = {isa = PBXFileReference; lastKnownFileType = image.jpeg; path = Person1.jpg; sourceTree = "<group>"; };
		3F98CB351FCFA69A00106D1A /* Person3.jpeg */ = {isa = PBXFileReference; lastKnownFileType = image.jpeg; path = Person3.jpeg; sourceTree = "<group>"; };
		3FAF5B641FD8ACE600ECD047 /* Captain Pointman.png */ = {isa = PBXFileReference; lastKnownFileType = image.png; path = "Captain Pointman.png"; sourceTree = "<group>"; };
		3FAF5B651FD8ACE600ECD047 /* Doc Boom.png */ = {isa = PBXFileReference; lastKnownFileType = image.png; path = "Doc Boom.png"; sourceTree = "<group>"; };
		3FAF5B681FD8AE7900ECD047 /* Chrona.png */ = {isa = PBXFileReference; lastKnownFileType = image.png; path = Chrona.png; sourceTree = "<group>"; };
		3FC081B91FD6093C002EAACC /* GetPointsBonus.swift */ = {isa = PBXFileReference; lastKnownFileType = sourcecode.swift; path = GetPointsBonus.swift; sourceTree = "<group>"; };
		3FC081BB1FD60968002EAACC /* BonusModel.swift */ = {isa = PBXFileReference; lastKnownFileType = sourcecode.swift; path = BonusModel.swift; sourceTree = "<group>"; };
		3FC081BD1FD60B06002EAACC /* DropBombBonus.swift */ = {isa = PBXFileReference; lastKnownFileType = sourcecode.swift; path = DropBombBonus.swift; sourceTree = "<group>"; };
		3FC21EAF1FD9B65A001FC9E3 /* AudioPlayer.swift */ = {isa = PBXFileReference; lastKnownFileType = sourcecode.swift; path = AudioPlayer.swift; sourceTree = "<group>"; };
		3FD5D9E51FD363FC00C78396 /* DropBombAbility.swift */ = {isa = PBXFileReference; lastKnownFileType = sourcecode.swift; path = DropBombAbility.swift; sourceTree = "<group>"; };
		3FD5DA0D1FD3878B00C78396 /* data.json */ = {isa = PBXFileReference; lastKnownFileType = text.json; path = data.json; sourceTree = "<group>"; };
		AE0061A31FDF438F00582A97 /* Base */ = {isa = PBXFileReference; lastKnownFileType = file.storyboard; name = Base; path = Main.storyboard; sourceTree = "<group>"; };
		AE01B7891FDF4E2600F38CED /* explosion.wav */ = {isa = PBXFileReference; lastKnownFileType = audio.wav; path = explosion.wav; sourceTree = "<group>"; };
		AE1F0E6C1FCF94CE008FD26B /* Assets.xcassets */ = {isa = PBXFileReference; lastKnownFileType = folder.assetcatalog; path = Assets.xcassets; sourceTree = "<group>"; };
		AE1F0E6F1FCF94CE008FD26B /* Base */ = {isa = PBXFileReference; lastKnownFileType = file.storyboard; name = Base; path = LaunchScreen.storyboard; sourceTree = "<group>"; };
		AE1F0E731FCF94CE008FD26B /* GameScene.sks */ = {isa = PBXFileReference; lastKnownFileType = file.sks; path = GameScene.sks; sourceTree = "<group>"; };
		AE1F0E741FCF94CE008FD26B /* GameScene.swift */ = {isa = PBXFileReference; fileEncoding = 4; lastKnownFileType = sourcecode.swift; path = GameScene.swift; sourceTree = "<group>"; };
		AE1F0E761FCF94CE008FD26B /* BoardModel.swift */ = {isa = PBXFileReference; fileEncoding = 4; lastKnownFileType = sourcecode.swift; path = BoardModel.swift; sourceTree = "<group>"; };
		AE1F0E771FCF94CE008FD26B /* GameModel.swift */ = {isa = PBXFileReference; fileEncoding = 4; lastKnownFileType = sourcecode.swift; path = GameModel.swift; sourceTree = "<group>"; };
		AE1F0E781FCF94CE008FD26B /* PieceModel.swift */ = {isa = PBXFileReference; fileEncoding = 4; lastKnownFileType = sourcecode.swift; path = PieceModel.swift; sourceTree = "<group>"; };
		AE1F0E791FCF94CE008FD26B /* RowModel.swift */ = {isa = PBXFileReference; fileEncoding = 4; lastKnownFileType = sourcecode.swift; path = RowModel.swift; sourceTree = "<group>"; };
		AE1F0E851FCF94DE008FD26B /* GameViewController.swift */ = {isa = PBXFileReference; fileEncoding = 4; lastKnownFileType = sourcecode.swift; path = GameViewController.swift; sourceTree = "<group>"; };
		AE1F0E861FCF94DE008FD26B /* HomeViewController.swift */ = {isa = PBXFileReference; fileEncoding = 4; lastKnownFileType = sourcecode.swift; path = HomeViewController.swift; sourceTree = "<group>"; };
		AE1F0E871FCF94DE008FD26B /* SettingsViewController.swift */ = {isa = PBXFileReference; fileEncoding = 4; lastKnownFileType = sourcecode.swift; path = SettingsViewController.swift; sourceTree = "<group>"; };
		AE1F0E8C1FCF94DE008FD26B /* CharChoice.swift */ = {isa = PBXFileReference; fileEncoding = 4; lastKnownFileType = sourcecode.swift; path = CharChoice.swift; sourceTree = "<group>"; };
		AE1F0E8D1FCF94DE008FD26B /* settingsPopUp.swift */ = {isa = PBXFileReference; fileEncoding = 4; lastKnownFileType = sourcecode.swift; path = settingsPopUp.swift; sourceTree = "<group>"; };
		AE1F0E8F1FCF94DE008FD26B /* s1.gif */ = {isa = PBXFileReference; lastKnownFileType = image.gif; path = s1.gif; sourceTree = "<group>"; };
		AE1F0E901FCF94DE008FD26B /* s2.gif */ = {isa = PBXFileReference; lastKnownFileType = image.gif; path = s2.gif; sourceTree = "<group>"; };
		AE1F0E911FCF94DE008FD26B /* sun_title.gif */ = {isa = PBXFileReference; lastKnownFileType = image.gif; path = sun_title.gif; sourceTree = "<group>"; };
		AE1F0E921FCF94DE008FD26B /* Swift+Gif.swift */ = {isa = PBXFileReference; fileEncoding = 4; lastKnownFileType = sourcecode.swift; path = "Swift+Gif.swift"; sourceTree = "<group>"; };
		AE1F0E931FCF94DE008FD26B /* AppDelegate.swift */ = {isa = PBXFileReference; fileEncoding = 4; lastKnownFileType = sourcecode.swift; path = AppDelegate.swift; sourceTree = "<group>"; };
		AE1F0E941FCF94DE008FD26B /* To Do */ = {isa = PBXFileReference; fileEncoding = 4; lastKnownFileType = text; path = "To Do"; sourceTree = "<group>"; };
		AE1F0EEF1FD3B36F008FD26B /* GameOverViewController.swift */ = {isa = PBXFileReference; fileEncoding = 4; lastKnownFileType = sourcecode.swift; path = GameOverViewController.swift; sourceTree = "<group>"; };
		AE1F0EF11FD3F6C8008FD26B /* RoundedButton.swift */ = {isa = PBXFileReference; fileEncoding = 4; lastKnownFileType = sourcecode.swift; path = RoundedButton.swift; sourceTree = "<group>"; };
		AE1F0EF51FD69762008FD26B /* game.wav */ = {isa = PBXFileReference; lastKnownFileType = audio.wav; path = game.wav; sourceTree = "<group>"; };
		AE1F0EF61FD69762008FD26B /* title2.ogg */ = {isa = PBXFileReference; lastKnownFileType = file; path = title2.ogg; sourceTree = "<group>"; };
		AE1F0EF71FD69762008FD26B /* title2.wav */ = {isa = PBXFileReference; lastKnownFileType = audio.wav; path = title2.wav; sourceTree = "<group>"; };
/* End PBXFileReference section */

/* Begin PBXFrameworksBuildPhase section */
		3F6363391FB138F800A9D3C7 /* Frameworks */ = {
			isa = PBXFrameworksBuildPhase;
			buildActionMask = 2147483647;
			files = (
			);
			runOnlyForDeploymentPostprocessing = 0;
		};
		3F6363531FB138F800A9D3C7 /* Frameworks */ = {
			isa = PBXFrameworksBuildPhase;
			buildActionMask = 2147483647;
			files = (
			);
			runOnlyForDeploymentPostprocessing = 0;
		};
		3F63635E1FB138F800A9D3C7 /* Frameworks */ = {
			isa = PBXFrameworksBuildPhase;
			buildActionMask = 2147483647;
			files = (
			);
			runOnlyForDeploymentPostprocessing = 0;
		};
/* End PBXFrameworksBuildPhase section */

/* Begin PBXGroup section */
		3F6117191FD623B600544B5C /* Sounds */ = {
			isa = PBXGroup;
			children = (
				AE01B7891FDF4E2600F38CED /* explosion.wav */,
				AE1F0EF51FD69762008FD26B /* game.wav */,
				AE1F0EF61FD69762008FD26B /* title2.ogg */,
				AE1F0EF71FD69762008FD26B /* title2.wav */,
			);
			path = Sounds;
			sourceTree = "<group>";
		};
		3F6363331FB138F800A9D3C7 = {
			isa = PBXGroup;
			children = (
				3F63633E1FB138F800A9D3C7 /* Sun Switch */,
				3F6363591FB138F800A9D3C7 /* Sun SwitchTests */,
				3F6363641FB138F800A9D3C7 /* Sun SwitchUITests */,
				3F63633D1FB138F800A9D3C7 /* Products */,
			);
			sourceTree = "<group>";
		};
		3F63633D1FB138F800A9D3C7 /* Products */ = {
			isa = PBXGroup;
			children = (
				3F63633C1FB138F800A9D3C7 /* Sun Switch.app */,
				3F6363561FB138F800A9D3C7 /* Sun SwitchTests.xctest */,
				3F6363611FB138F800A9D3C7 /* Sun SwitchUITests.xctest */,
			);
			name = Products;
			sourceTree = "<group>";
		};
		3F63633E1FB138F800A9D3C7 /* Sun Switch */ = {
			isa = PBXGroup;
			children = (
				3F6117191FD623B600544B5C /* Sounds */,
				3FD5DA0C1FD386BB00C78396 /* Resources */,
				3F98CB321FCFA67100106D1A /* TempImages */,
				3F98CB2C1FCFA61400106D1A /* Singletons */,
				AE1F0E831FCF94DE008FD26B /* ViewControllers */,
				AE1F0E881FCF94DE008FD26B /* Views */,
				AE1F0E8B1FCF94DE008FD26B /* Designs */,
				AE1F0E8E1FCF94DE008FD26B /* Gifs */,
				AE1F0E6D1FCF94CE008FD26B /* Base.lproj */,
				AE1F0E721FCF94CE008FD26B /* GameScene */,
				AE1F0E751FCF94CE008FD26B /* Models */,
				AE1F0E6C1FCF94CE008FD26B /* Assets.xcassets */,
				AE1F0E931FCF94DE008FD26B /* AppDelegate.swift */,
				3F6363511FB138F800A9D3C7 /* Info.plist */,
				AE1F0E941FCF94DE008FD26B /* To Do */,
			);
			path = "Sun Switch";
			sourceTree = "<group>";
		};
		3F6363591FB138F800A9D3C7 /* Sun SwitchTests */ = {
			isa = PBXGroup;
			children = (
				3F63635A1FB138F800A9D3C7 /* Sun_SwitchTests.swift */,
				3F63635C1FB138F800A9D3C7 /* Info.plist */,
			);
			path = "Sun SwitchTests";
			sourceTree = "<group>";
		};
		3F6363641FB138F800A9D3C7 /* Sun SwitchUITests */ = {
			isa = PBXGroup;
			children = (
				3F6363651FB138F800A9D3C7 /* Sun_SwitchUITests.swift */,
				3F6363671FB138F800A9D3C7 /* Info.plist */,
			);
			path = "Sun SwitchUITests";
			sourceTree = "<group>";
		};
		3F98CB1C1FCFA38500106D1A /* Abilities */ = {
			isa = PBXGroup;
			children = (
				3F98CB1F1FCFA39D00106D1A /* PointBoostAbility.swift */,
				3F98CB1E1FCFA39D00106D1A /* TeleportAbility.swift */,
				3F98CB1D1FCFA39D00106D1A /* TimeStopAbility.swift */,
				3FD5D9E51FD363FC00C78396 /* DropBombAbility.swift */,
				3F584AFC1FDE4FF40058D300 /* RowWipeAbility.swift */,
				3F584AFE1FDE54B00058D300 /* ClusterBombAbility.swift */,
			);
			path = Abilities;
			sourceTree = "<group>";
		};
		3F98CB2C1FCFA61400106D1A /* Singletons */ = {
			isa = PBXGroup;
			children = (
				3F98CB301FCFA66100106D1A /* UserDataHolder.swift */,
				3FC21EAF1FD9B65A001FC9E3 /* AudioPlayer.swift */,
			);
			path = Singletons;
			sourceTree = "<group>";
		};
		3F98CB321FCFA67100106D1A /* TempImages */ = {
			isa = PBXGroup;
			children = (
				3F584AF91FDE4F270058D300 /* Geremlo.png */,
				3F584AF81FDE4F270058D300 /* Xarvok.png */,
				3FAF5B681FD8AE7900ECD047 /* Chrona.png */,
				3FAF5B641FD8ACE600ECD047 /* Captain Pointman.png */,
				3FAF5B651FD8ACE600ECD047 /* Doc Boom.png */,
				3F98CB341FCFA69A00106D1A /* Person1.jpg */,
				3F98CB331FCFA69A00106D1A /* Person2.png */,
				3F98CB351FCFA69A00106D1A /* Person3.jpeg */,
			);
			path = TempImages;
			sourceTree = "<group>";
		};
		3FC081B81FD608DE002EAACC /* Bonuses */ = {
			isa = PBXGroup;
			children = (
				3FC081B91FD6093C002EAACC /* GetPointsBonus.swift */,
				3FC081BD1FD60B06002EAACC /* DropBombBonus.swift */,
			);
			path = Bonuses;
			sourceTree = "<group>";
		};
		3FD5DA0C1FD386BB00C78396 /* Resources */ = {
			isa = PBXGroup;
			children = (
				3FD5DA0D1FD3878B00C78396 /* data.json */,
			);
			path = Resources;
			sourceTree = "<group>";
		};
		AE1F0E6D1FCF94CE008FD26B /* Base.lproj */ = {
			isa = PBXGroup;
			children = (
				AE0061A21FDF438F00582A97 /* Main.storyboard */,
				AE1F0E6E1FCF94CE008FD26B /* LaunchScreen.storyboard */,
			);
			path = Base.lproj;
			sourceTree = "<group>";
		};
		AE1F0E721FCF94CE008FD26B /* GameScene */ = {
			isa = PBXGroup;
			children = (
				AE1F0E731FCF94CE008FD26B /* GameScene.sks */,
				AE1F0E741FCF94CE008FD26B /* GameScene.swift */,
			);
			path = GameScene;
			sourceTree = "<group>";
		};
		AE1F0E751FCF94CE008FD26B /* Models */ = {
			isa = PBXGroup;
			children = (
				3FC081B81FD608DE002EAACC /* Bonuses */,
				3F98CB1C1FCFA38500106D1A /* Abilities */,
				3F98CB181FCFA37E00106D1A /* AbilityModel.swift */,
				3F98CB191FCFA37E00106D1A /* CharacterModel.swift */,
				AE1F0E761FCF94CE008FD26B /* BoardModel.swift */,
				AE1F0E771FCF94CE008FD26B /* GameModel.swift */,
				AE1F0E781FCF94CE008FD26B /* PieceModel.swift */,
				AE1F0E791FCF94CE008FD26B /* RowModel.swift */,
				3FC081BB1FD60968002EAACC /* BonusModel.swift */,
			);
			path = Models;
			sourceTree = "<group>";
		};
		AE1F0E831FCF94DE008FD26B /* ViewControllers */ = {
			isa = PBXGroup;
			children = (
				3F98CB281FCFA51200106D1A /* StoreTableViewController.swift */,
				AE1F0E851FCF94DE008FD26B /* GameViewController.swift */,
				3F98CB271FCFA51200106D1A /* CharacterTableViewController.swift */,
				AE1F0E861FCF94DE008FD26B /* HomeViewController.swift */,
				AE1F0E871FCF94DE008FD26B /* SettingsViewController.swift */,
				AE1F0EEF1FD3B36F008FD26B /* GameOverViewController.swift */,
			);
			path = ViewControllers;
			sourceTree = "<group>";
		};
		AE1F0E881FCF94DE008FD26B /* Views */ = {
			isa = PBXGroup;
			children = (
				3F98CB241FCFA50000106D1A /* AbilityStoreTableViewCell.swift */,
				3F98CB231FCFA50000106D1A /* CharacterTableViewCell.swift */,
				3F584B001FDE56410058D300 /* CharacterStoreTableViewCell.swift */,
			);
			path = Views;
			sourceTree = "<group>";
		};
		AE1F0E8B1FCF94DE008FD26B /* Designs */ = {
			isa = PBXGroup;
			children = (
				AE1F0E8C1FCF94DE008FD26B /* CharChoice.swift */,
				AE1F0E8D1FCF94DE008FD26B /* settingsPopUp.swift */,
				AE1F0EF11FD3F6C8008FD26B /* RoundedButton.swift */,
			);
			path = Designs;
			sourceTree = "<group>";
		};
		AE1F0E8E1FCF94DE008FD26B /* Gifs */ = {
			isa = PBXGroup;
			children = (
				AE1F0E8F1FCF94DE008FD26B /* s1.gif */,
				AE1F0E901FCF94DE008FD26B /* s2.gif */,
				AE1F0E911FCF94DE008FD26B /* sun_title.gif */,
				AE1F0E921FCF94DE008FD26B /* Swift+Gif.swift */,
			);
			path = Gifs;
			sourceTree = "<group>";
		};
/* End PBXGroup section */

/* Begin PBXNativeTarget section */
		3F63633B1FB138F800A9D3C7 /* Sun Switch */ = {
			isa = PBXNativeTarget;
			buildConfigurationList = 3F63636A1FB138F800A9D3C7 /* Build configuration list for PBXNativeTarget "Sun Switch" */;
			buildPhases = (
				3F6363381FB138F800A9D3C7 /* Sources */,
				3F6363391FB138F800A9D3C7 /* Frameworks */,
				3F63633A1FB138F800A9D3C7 /* Resources */,
			);
			buildRules = (
			);
			dependencies = (
			);
			name = "Sun Switch";
			productName = "Sun Switch";
			productReference = 3F63633C1FB138F800A9D3C7 /* Sun Switch.app */;
			productType = "com.apple.product-type.application";
		};
		3F6363551FB138F800A9D3C7 /* Sun SwitchTests */ = {
			isa = PBXNativeTarget;
			buildConfigurationList = 3F63636D1FB138F800A9D3C7 /* Build configuration list for PBXNativeTarget "Sun SwitchTests" */;
			buildPhases = (
				3F6363521FB138F800A9D3C7 /* Sources */,
				3F6363531FB138F800A9D3C7 /* Frameworks */,
				3F6363541FB138F800A9D3C7 /* Resources */,
			);
			buildRules = (
			);
			dependencies = (
				3F6363581FB138F800A9D3C7 /* PBXTargetDependency */,
			);
			name = "Sun SwitchTests";
			productName = "Sun SwitchTests";
			productReference = 3F6363561FB138F800A9D3C7 /* Sun SwitchTests.xctest */;
			productType = "com.apple.product-type.bundle.unit-test";
		};
		3F6363601FB138F800A9D3C7 /* Sun SwitchUITests */ = {
			isa = PBXNativeTarget;
			buildConfigurationList = 3F6363701FB138F800A9D3C7 /* Build configuration list for PBXNativeTarget "Sun SwitchUITests" */;
			buildPhases = (
				3F63635D1FB138F800A9D3C7 /* Sources */,
				3F63635E1FB138F800A9D3C7 /* Frameworks */,
				3F63635F1FB138F800A9D3C7 /* Resources */,
			);
			buildRules = (
			);
			dependencies = (
				3F6363631FB138F800A9D3C7 /* PBXTargetDependency */,
			);
			name = "Sun SwitchUITests";
			productName = "Sun SwitchUITests";
			productReference = 3F6363611FB138F800A9D3C7 /* Sun SwitchUITests.xctest */;
			productType = "com.apple.product-type.bundle.ui-testing";
		};
/* End PBXNativeTarget section */

/* Begin PBXProject section */
		3F6363341FB138F800A9D3C7 /* Project object */ = {
			isa = PBXProject;
			attributes = {
				LastSwiftUpdateCheck = 0900;
				LastUpgradeCheck = 0900;
				ORGANIZATIONNAME = student;
				TargetAttributes = {
					3F63633B1FB138F800A9D3C7 = {
						CreatedOnToolsVersion = 9.0;
						ProvisioningStyle = Automatic;
					};
					3F6363551FB138F800A9D3C7 = {
						CreatedOnToolsVersion = 9.0;
						ProvisioningStyle = Automatic;
						TestTargetID = 3F63633B1FB138F800A9D3C7;
					};
					3F6363601FB138F800A9D3C7 = {
						CreatedOnToolsVersion = 9.0;
						ProvisioningStyle = Automatic;
						TestTargetID = 3F63633B1FB138F800A9D3C7;
					};
				};
			};
			buildConfigurationList = 3F6363371FB138F800A9D3C7 /* Build configuration list for PBXProject "Sun Switch" */;
			compatibilityVersion = "Xcode 8.0";
			developmentRegion = en;
			hasScannedForEncodings = 0;
			knownRegions = (
				en,
				Base,
			);
			mainGroup = 3F6363331FB138F800A9D3C7;
			productRefGroup = 3F63633D1FB138F800A9D3C7 /* Products */;
			projectDirPath = "";
			projectRoot = "";
			targets = (
				3F63633B1FB138F800A9D3C7 /* Sun Switch */,
				3F6363551FB138F800A9D3C7 /* Sun SwitchTests */,
				3F6363601FB138F800A9D3C7 /* Sun SwitchUITests */,
			);
		};
/* End PBXProject section */

/* Begin PBXResourcesBuildPhase section */
		3F63633A1FB138F800A9D3C7 /* Resources */ = {
			isa = PBXResourcesBuildPhase;
			buildActionMask = 2147483647;
			files = (
				3F584AFA1FDE4F280058D300 /* Xarvok.png in Resources */,
				3F584AFB1FDE4F280058D300 /* Geremlo.png in Resources */,
				AE1F0EA21FCF94DE008FD26B /* To Do in Resources */,
				3F98CB371FCFA69A00106D1A /* Person1.jpg in Resources */,
				AE1F0E9F1FCF94DE008FD26B /* sun_title.gif in Resources */,
				AE1F0EF91FD69762008FD26B /* title2.ogg in Resources */,
				3FD5DA0E1FD3878B00C78396 /* data.json in Resources */,
				AE1F0E9D1FCF94DE008FD26B /* s1.gif in Resources */,
				AE1F0E9E1FCF94DE008FD26B /* s2.gif in Resources */,
				AE1F0E7B1FCF94CE008FD26B /* LaunchScreen.storyboard in Resources */,
				3FAF5B691FD8AE7900ECD047 /* Chrona.png in Resources */,
				AE01B78A1FDF4E2600F38CED /* explosion.wav in Resources */,
				3F98CB361FCFA69A00106D1A /* Person2.png in Resources */,
				AE1F0EF81FD69762008FD26B /* game.wav in Resources */,
				AE1F0EFA1FD69762008FD26B /* title2.wav in Resources */,
				AE1F0E7D1FCF94CE008FD26B /* GameScene.sks in Resources */,
				AE1F0E7A1FCF94CE008FD26B /* Assets.xcassets in Resources */,
				3FAF5B661FD8ACE700ECD047 /* Captain Pointman.png in Resources */,
				AE0061A41FDF438F00582A97 /* Main.storyboard in Resources */,
				3F98CB381FCFA69A00106D1A /* Person3.jpeg in Resources */,
				3FAF5B671FD8ACE700ECD047 /* Doc Boom.png in Resources */,
			);
			runOnlyForDeploymentPostprocessing = 0;
		};
		3F6363541FB138F800A9D3C7 /* Resources */ = {
			isa = PBXResourcesBuildPhase;
			buildActionMask = 2147483647;
			files = (
			);
			runOnlyForDeploymentPostprocessing = 0;
		};
		3F63635F1FB138F800A9D3C7 /* Resources */ = {
			isa = PBXResourcesBuildPhase;
			buildActionMask = 2147483647;
			files = (
			);
			runOnlyForDeploymentPostprocessing = 0;
		};
/* End PBXResourcesBuildPhase section */

/* Begin PBXSourcesBuildPhase section */
		3F6363381FB138F800A9D3C7 /* Sources */ = {
			isa = PBXSourcesBuildPhase;
			buildActionMask = 2147483647;
			files = (
				3F584AFD1FDE4FF40058D300 /* RowWipeAbility.swift in Sources */,
				3F98CB261FCFA50000106D1A /* AbilityStoreTableViewCell.swift in Sources */,
				3F98CB291FCFA51200106D1A /* CharacterTableViewController.swift in Sources */,
				3F584AFF1FDE54B00058D300 /* ClusterBombAbility.swift in Sources */,
				AE1F0E961FCF94DE008FD26B /* GameViewController.swift in Sources */,
				AE1F0EA11FCF94DE008FD26B /* AppDelegate.swift in Sources */,
				AE1F0EA01FCF94DE008FD26B /* Swift+Gif.swift in Sources */,
				AE1F0E9B1FCF94DE008FD26B /* CharChoice.swift in Sources */,
				3F98CB201FCFA39D00106D1A /* TimeStopAbility.swift in Sources */,
				AE1F0EF21FD3F6C8008FD26B /* RoundedButton.swift in Sources */,
				AE1F0E7F1FCF94CE008FD26B /* BoardModel.swift in Sources */,
				3F584B011FDE56410058D300 /* CharacterStoreTableViewCell.swift in Sources */,
				AE1F0E971FCF94DE008FD26B /* HomeViewController.swift in Sources */,
				AE1F0EF01FD3B36F008FD26B /* GameOverViewController.swift in Sources */,
				3FC081BA1FD6093C002EAACC /* GetPointsBonus.swift in Sources */,
				AE1F0E7E1FCF94CE008FD26B /* GameScene.swift in Sources */,
				AE1F0E9C1FCF94DE008FD26B /* settingsPopUp.swift in Sources */,
				AE1F0E811FCF94CE008FD26B /* PieceModel.swift in Sources */,
				3FD5D9E61FD363FC00C78396 /* DropBombAbility.swift in Sources */,
				3F98CB221FCFA39D00106D1A /* PointBoostAbility.swift in Sources */,
				3F98CB251FCFA50000106D1A /* CharacterTableViewCell.swift in Sources */,
				3FC081BE1FD60B06002EAACC /* DropBombBonus.swift in Sources */,
				3F98CB1A1FCFA37E00106D1A /* AbilityModel.swift in Sources */,
				AE1F0E821FCF94CE008FD26B /* RowModel.swift in Sources */,
				3F98CB2A1FCFA51200106D1A /* StoreTableViewController.swift in Sources */,
				AE1F0E801FCF94CE008FD26B /* GameModel.swift in Sources */,
				3FC21EB01FD9B65A001FC9E3 /* AudioPlayer.swift in Sources */,
				3F98CB311FCFA66100106D1A /* UserDataHolder.swift in Sources */,
				3FC081BC1FD60968002EAACC /* BonusModel.swift in Sources */,
				3F98CB1B1FCFA37E00106D1A /* CharacterModel.swift in Sources */,
				AE1F0E981FCF94DE008FD26B /* SettingsViewController.swift in Sources */,
				3F98CB211FCFA39D00106D1A /* TeleportAbility.swift in Sources */,
			);
			runOnlyForDeploymentPostprocessing = 0;
		};
		3F6363521FB138F800A9D3C7 /* Sources */ = {
			isa = PBXSourcesBuildPhase;
			buildActionMask = 2147483647;
			files = (
				3F63635B1FB138F800A9D3C7 /* Sun_SwitchTests.swift in Sources */,
			);
			runOnlyForDeploymentPostprocessing = 0;
		};
		3F63635D1FB138F800A9D3C7 /* Sources */ = {
			isa = PBXSourcesBuildPhase;
			buildActionMask = 2147483647;
			files = (
				3F6363661FB138F800A9D3C7 /* Sun_SwitchUITests.swift in Sources */,
			);
			runOnlyForDeploymentPostprocessing = 0;
		};
/* End PBXSourcesBuildPhase section */

/* Begin PBXTargetDependency section */
		3F6363581FB138F800A9D3C7 /* PBXTargetDependency */ = {
			isa = PBXTargetDependency;
			target = 3F63633B1FB138F800A9D3C7 /* Sun Switch */;
			targetProxy = 3F6363571FB138F800A9D3C7 /* PBXContainerItemProxy */;
		};
		3F6363631FB138F800A9D3C7 /* PBXTargetDependency */ = {
			isa = PBXTargetDependency;
			target = 3F63633B1FB138F800A9D3C7 /* Sun Switch */;
			targetProxy = 3F6363621FB138F800A9D3C7 /* PBXContainerItemProxy */;
		};
/* End PBXTargetDependency section */

/* Begin PBXVariantGroup section */
		AE0061A21FDF438F00582A97 /* Main.storyboard */ = {
			isa = PBXVariantGroup;
			children = (
				AE0061A31FDF438F00582A97 /* Base */,
			);
			name = Main.storyboard;
			sourceTree = "<group>";
		};
		AE1F0E6E1FCF94CE008FD26B /* LaunchScreen.storyboard */ = {
			isa = PBXVariantGroup;
			children = (
				AE1F0E6F1FCF94CE008FD26B /* Base */,
			);
			name = LaunchScreen.storyboard;
			sourceTree = "<group>";
		};
/* End PBXVariantGroup section */

/* Begin XCBuildConfiguration section */
		3F6363681FB138F800A9D3C7 /* Debug */ = {
			isa = XCBuildConfiguration;
			buildSettings = {
				ALWAYS_SEARCH_USER_PATHS = NO;
				CLANG_ANALYZER_NONNULL = YES;
				CLANG_ANALYZER_NUMBER_OBJECT_CONVERSION = YES_AGGRESSIVE;
				CLANG_CXX_LANGUAGE_STANDARD = "gnu++14";
				CLANG_CXX_LIBRARY = "libc++";
				CLANG_ENABLE_MODULES = YES;
				CLANG_ENABLE_OBJC_ARC = YES;
				CLANG_WARN_BLOCK_CAPTURE_AUTORELEASING = YES;
				CLANG_WARN_BOOL_CONVERSION = YES;
				CLANG_WARN_COMMA = YES;
				CLANG_WARN_CONSTANT_CONVERSION = YES;
				CLANG_WARN_DIRECT_OBJC_ISA_USAGE = YES_ERROR;
				CLANG_WARN_DOCUMENTATION_COMMENTS = YES;
				CLANG_WARN_EMPTY_BODY = YES;
				CLANG_WARN_ENUM_CONVERSION = YES;
				CLANG_WARN_INFINITE_RECURSION = YES;
				CLANG_WARN_INT_CONVERSION = YES;
				CLANG_WARN_NON_LITERAL_NULL_CONVERSION = YES;
				CLANG_WARN_OBJC_LITERAL_CONVERSION = YES;
				CLANG_WARN_OBJC_ROOT_CLASS = YES_ERROR;
				CLANG_WARN_RANGE_LOOP_ANALYSIS = YES;
				CLANG_WARN_STRICT_PROTOTYPES = YES;
				CLANG_WARN_SUSPICIOUS_MOVE = YES;
				CLANG_WARN_UNGUARDED_AVAILABILITY = YES_AGGRESSIVE;
				CLANG_WARN_UNREACHABLE_CODE = YES;
				CLANG_WARN__DUPLICATE_METHOD_MATCH = YES;
				CODE_SIGN_IDENTITY = "iPhone Developer";
				COPY_PHASE_STRIP = NO;
				DEBUG_INFORMATION_FORMAT = dwarf;
				ENABLE_STRICT_OBJC_MSGSEND = YES;
				ENABLE_TESTABILITY = YES;
				GCC_C_LANGUAGE_STANDARD = gnu11;
				GCC_DYNAMIC_NO_PIC = NO;
				GCC_NO_COMMON_BLOCKS = YES;
				GCC_OPTIMIZATION_LEVEL = 0;
				GCC_PREPROCESSOR_DEFINITIONS = (
					"DEBUG=1",
					"$(inherited)",
				);
				GCC_WARN_64_TO_32_BIT_CONVERSION = YES;
				GCC_WARN_ABOUT_RETURN_TYPE = YES_ERROR;
				GCC_WARN_UNDECLARED_SELECTOR = YES;
				GCC_WARN_UNINITIALIZED_AUTOS = YES_AGGRESSIVE;
				GCC_WARN_UNUSED_FUNCTION = YES;
				GCC_WARN_UNUSED_VARIABLE = YES;
				IPHONEOS_DEPLOYMENT_TARGET = 11.0;
				MTL_ENABLE_DEBUG_INFO = YES;
				ONLY_ACTIVE_ARCH = YES;
				SDKROOT = iphoneos;
				SWIFT_ACTIVE_COMPILATION_CONDITIONS = DEBUG;
				SWIFT_OPTIMIZATION_LEVEL = "-Onone";
				SWIFT_VERSION = 3.0;
			};
			name = Debug;
		};
		3F6363691FB138F800A9D3C7 /* Release */ = {
			isa = XCBuildConfiguration;
			buildSettings = {
				ALWAYS_SEARCH_USER_PATHS = NO;
				CLANG_ANALYZER_NONNULL = YES;
				CLANG_ANALYZER_NUMBER_OBJECT_CONVERSION = YES_AGGRESSIVE;
				CLANG_CXX_LANGUAGE_STANDARD = "gnu++14";
				CLANG_CXX_LIBRARY = "libc++";
				CLANG_ENABLE_MODULES = YES;
				CLANG_ENABLE_OBJC_ARC = YES;
				CLANG_WARN_BLOCK_CAPTURE_AUTORELEASING = YES;
				CLANG_WARN_BOOL_CONVERSION = YES;
				CLANG_WARN_COMMA = YES;
				CLANG_WARN_CONSTANT_CONVERSION = YES;
				CLANG_WARN_DIRECT_OBJC_ISA_USAGE = YES_ERROR;
				CLANG_WARN_DOCUMENTATION_COMMENTS = YES;
				CLANG_WARN_EMPTY_BODY = YES;
				CLANG_WARN_ENUM_CONVERSION = YES;
				CLANG_WARN_INFINITE_RECURSION = YES;
				CLANG_WARN_INT_CONVERSION = YES;
				CLANG_WARN_NON_LITERAL_NULL_CONVERSION = YES;
				CLANG_WARN_OBJC_LITERAL_CONVERSION = YES;
				CLANG_WARN_OBJC_ROOT_CLASS = YES_ERROR;
				CLANG_WARN_RANGE_LOOP_ANALYSIS = YES;
				CLANG_WARN_STRICT_PROTOTYPES = YES;
				CLANG_WARN_SUSPICIOUS_MOVE = YES;
				CLANG_WARN_UNGUARDED_AVAILABILITY = YES_AGGRESSIVE;
				CLANG_WARN_UNREACHABLE_CODE = YES;
				CLANG_WARN__DUPLICATE_METHOD_MATCH = YES;
				CODE_SIGN_IDENTITY = "iPhone Developer";
				COPY_PHASE_STRIP = NO;
				DEBUG_INFORMATION_FORMAT = "dwarf-with-dsym";
				ENABLE_NS_ASSERTIONS = NO;
				ENABLE_STRICT_OBJC_MSGSEND = YES;
				GCC_C_LANGUAGE_STANDARD = gnu11;
				GCC_NO_COMMON_BLOCKS = YES;
				GCC_WARN_64_TO_32_BIT_CONVERSION = YES;
				GCC_WARN_ABOUT_RETURN_TYPE = YES_ERROR;
				GCC_WARN_UNDECLARED_SELECTOR = YES;
				GCC_WARN_UNINITIALIZED_AUTOS = YES_AGGRESSIVE;
				GCC_WARN_UNUSED_FUNCTION = YES;
				GCC_WARN_UNUSED_VARIABLE = YES;
				IPHONEOS_DEPLOYMENT_TARGET = 11.0;
				MTL_ENABLE_DEBUG_INFO = NO;
				SDKROOT = iphoneos;
				SWIFT_OPTIMIZATION_LEVEL = "-Owholemodule";
				SWIFT_VERSION = 3.0;
				VALIDATE_PRODUCT = YES;
			};
			name = Release;
		};
		3F63636B1FB138F800A9D3C7 /* Debug */ = {
			isa = XCBuildConfiguration;
			buildSettings = {
				ASSETCATALOG_COMPILER_APPICON_NAME = AppIcon;
				CODE_SIGN_STYLE = Automatic;
				INFOPLIST_FILE = "Sun Switch/Info.plist";
				IPHONEOS_DEPLOYMENT_TARGET = 10.0;
				LD_RUNPATH_SEARCH_PATHS = "$(inherited) @executable_path/Frameworks";
				PRODUCT_BUNDLE_IDENTIFIER = "myapp.Sun-Switch";
				PRODUCT_NAME = "$(TARGET_NAME)";
				SWIFT_VERSION = 3.0;
				TARGETED_DEVICE_FAMILY = "1,2";
			};
			name = Debug;
		};
		3F63636C1FB138F800A9D3C7 /* Release */ = {
			isa = XCBuildConfiguration;
			buildSettings = {
				ASSETCATALOG_COMPILER_APPICON_NAME = AppIcon;
				CODE_SIGN_STYLE = Automatic;
				INFOPLIST_FILE = "Sun Switch/Info.plist";
				IPHONEOS_DEPLOYMENT_TARGET = 10.0;
				LD_RUNPATH_SEARCH_PATHS = "$(inherited) @executable_path/Frameworks";
				PRODUCT_BUNDLE_IDENTIFIER = "myapp.Sun-Switch";
				PRODUCT_NAME = "$(TARGET_NAME)";
				SWIFT_VERSION = 3.0;
				TARGETED_DEVICE_FAMILY = "1,2";
			};
			name = Release;
		};
		3F63636E1FB138F800A9D3C7 /* Debug */ = {
			isa = XCBuildConfiguration;
			buildSettings = {
				ALWAYS_EMBED_SWIFT_STANDARD_LIBRARIES = YES;
				BUNDLE_LOADER = "$(TEST_HOST)";
				CODE_SIGN_STYLE = Automatic;
				INFOPLIST_FILE = "Sun SwitchTests/Info.plist";
				IPHONEOS_DEPLOYMENT_TARGET = 10.0;
				LD_RUNPATH_SEARCH_PATHS = "$(inherited) @executable_path/Frameworks @loader_path/Frameworks";
				PRODUCT_BUNDLE_IDENTIFIER = "myapp.Sun-SwitchTests";
				PRODUCT_NAME = "$(TARGET_NAME)";
				SWIFT_VERSION = 3.0;
				TARGETED_DEVICE_FAMILY = "1,2";
				TEST_HOST = "$(BUILT_PRODUCTS_DIR)/Sun Switch.app/Sun Switch";
			};
			name = Debug;
		};
		3F63636F1FB138F800A9D3C7 /* Release */ = {
			isa = XCBuildConfiguration;
			buildSettings = {
				ALWAYS_EMBED_SWIFT_STANDARD_LIBRARIES = YES;
				BUNDLE_LOADER = "$(TEST_HOST)";
				CODE_SIGN_STYLE = Automatic;
				INFOPLIST_FILE = "Sun SwitchTests/Info.plist";
				IPHONEOS_DEPLOYMENT_TARGET = 10.0;
				LD_RUNPATH_SEARCH_PATHS = "$(inherited) @executable_path/Frameworks @loader_path/Frameworks";
				PRODUCT_BUNDLE_IDENTIFIER = "myapp.Sun-SwitchTests";
				PRODUCT_NAME = "$(TARGET_NAME)";
				SWIFT_VERSION = 3.0;
				TARGETED_DEVICE_FAMILY = "1,2";
				TEST_HOST = "$(BUILT_PRODUCTS_DIR)/Sun Switch.app/Sun Switch";
			};
			name = Release;
		};
		3F6363711FB138F800A9D3C7 /* Debug */ = {
			isa = XCBuildConfiguration;
			buildSettings = {
				ALWAYS_EMBED_SWIFT_STANDARD_LIBRARIES = YES;
				CODE_SIGN_STYLE = Automatic;
				INFOPLIST_FILE = "Sun SwitchUITests/Info.plist";
				IPHONEOS_DEPLOYMENT_TARGET = 10.0;
				LD_RUNPATH_SEARCH_PATHS = "$(inherited) @executable_path/Frameworks @loader_path/Frameworks";
				PRODUCT_BUNDLE_IDENTIFIER = "myapp.Sun-SwitchUITests";
				PRODUCT_NAME = "$(TARGET_NAME)";
				SWIFT_VERSION = 3.0;
				TARGETED_DEVICE_FAMILY = "1,2";
				TEST_TARGET_NAME = "Sun Switch";
			};
			name = Debug;
		};
		3F6363721FB138F800A9D3C7 /* Release */ = {
			isa = XCBuildConfiguration;
			buildSettings = {
				ALWAYS_EMBED_SWIFT_STANDARD_LIBRARIES = YES;
				CODE_SIGN_STYLE = Automatic;
				INFOPLIST_FILE = "Sun SwitchUITests/Info.plist";
				IPHONEOS_DEPLOYMENT_TARGET = 10.0;
				LD_RUNPATH_SEARCH_PATHS = "$(inherited) @executable_path/Frameworks @loader_path/Frameworks";
				PRODUCT_BUNDLE_IDENTIFIER = "myapp.Sun-SwitchUITests";
				PRODUCT_NAME = "$(TARGET_NAME)";
				SWIFT_VERSION = 3.0;
				TARGETED_DEVICE_FAMILY = "1,2";
				TEST_TARGET_NAME = "Sun Switch";
			};
			name = Release;
		};
/* End XCBuildConfiguration section */

/* Begin XCConfigurationList section */
		3F6363371FB138F800A9D3C7 /* Build configuration list for PBXProject "Sun Switch" */ = {
			isa = XCConfigurationList;
			buildConfigurations = (
				3F6363681FB138F800A9D3C7 /* Debug */,
				3F6363691FB138F800A9D3C7 /* Release */,
			);
			defaultConfigurationIsVisible = 0;
			defaultConfigurationName = Release;
		};
		3F63636A1FB138F800A9D3C7 /* Build configuration list for PBXNativeTarget "Sun Switch" */ = {
			isa = XCConfigurationList;
			buildConfigurations = (
				3F63636B1FB138F800A9D3C7 /* Debug */,
				3F63636C1FB138F800A9D3C7 /* Release */,
			);
			defaultConfigurationIsVisible = 0;
			defaultConfigurationName = Release;
		};
		3F63636D1FB138F800A9D3C7 /* Build configuration list for PBXNativeTarget "Sun SwitchTests" */ = {
			isa = XCConfigurationList;
			buildConfigurations = (
				3F63636E1FB138F800A9D3C7 /* Debug */,
				3F63636F1FB138F800A9D3C7 /* Release */,
			);
			defaultConfigurationIsVisible = 0;
			defaultConfigurationName = Release;
		};
		3F6363701FB138F800A9D3C7 /* Build configuration list for PBXNativeTarget "Sun SwitchUITests" */ = {
			isa = XCConfigurationList;
			buildConfigurations = (
				3F6363711FB138F800A9D3C7 /* Debug */,
				3F6363721FB138F800A9D3C7 /* Release */,
			);
			defaultConfigurationIsVisible = 0;
			defaultConfigurationName = Release;
		};
/* End XCConfigurationList section */
	};
	rootObject = 3F6363341FB138F800A9D3C7 /* Project object */;
}
