// !$*UTF8*$!
{
	archiveVersion = 1;
	classes = {
	};
	objectVersion = 46;
	objects = {

/* Begin PBXBuildFile section */
		3F08CBC01FC9060D00EF2D36 /* Person2.png in Resources */ = {isa = PBXBuildFile; fileRef = 3F08CBBD1FC9060D00EF2D36 /* Person2.png */; };
		3F08CBC11FC9060D00EF2D36 /* Person1.jpg in Resources */ = {isa = PBXBuildFile; fileRef = 3F08CBBE1FC9060D00EF2D36 /* Person1.jpg */; };
		3F08CBC21FC9060D00EF2D36 /* Person3.jpeg in Resources */ = {isa = PBXBuildFile; fileRef = 3F08CBBF1FC9060D00EF2D36 /* Person3.jpeg */; };
		3F08CBC41FC910F700EF2D36 /* AbilityStoreTableViewCell.swift in Sources */ = {isa = PBXBuildFile; fileRef = 3F08CBC31FC910F700EF2D36 /* AbilityStoreTableViewCell.swift */; };
		3F08CBC61FC9112000EF2D36 /* AbilityStoreTableViewController.swift in Sources */ = {isa = PBXBuildFile; fileRef = 3F08CBC51FC9112000EF2D36 /* AbilityStoreTableViewController.swift */; };
		3F08CBCB1FC9155000EF2D36 /* TimeStopAbility.swift in Sources */ = {isa = PBXBuildFile; fileRef = 3F08CBCA1FC9155000EF2D36 /* TimeStopAbility.swift */; };
		3F3F19561FC386D300BA4D84 /* CharacterTableViewController.swift in Sources */ = {isa = PBXBuildFile; fileRef = 3F3F19551FC386D300BA4D84 /* CharacterTableViewController.swift */; };
		3F3F19581FC387CA00BA4D84 /* CharacterTableViewCell.swift in Sources */ = {isa = PBXBuildFile; fileRef = 3F3F19571FC387CA00BA4D84 /* CharacterTableViewCell.swift */; };
		3F7996521FBFDD6200ABAC9B /* CharacterModel.swift in Sources */ = {isa = PBXBuildFile; fileRef = 3F7996501FBFDD6200ABAC9B /* CharacterModel.swift */; };
		3F7996531FBFDD6200ABAC9B /* AbilityModel.swift in Sources */ = {isa = PBXBuildFile; fileRef = 3F7996511FBFDD6200ABAC9B /* AbilityModel.swift */; };
		AE806D571FBD1151007784F6 /* AppDelegate.swift in Sources */ = {isa = PBXBuildFile; fileRef = AE806D3E1FBD1151007784F6 /* AppDelegate.swift */; };
		AE806D581FBD1151007784F6 /* Assets.xcassets in Resources */ = {isa = PBXBuildFile; fileRef = AE806D3F1FBD1151007784F6 /* Assets.xcassets */; };
		AE806D591FBD1151007784F6 /* GameScene.sks in Resources */ = {isa = PBXBuildFile; fileRef = AE806D431FBD1151007784F6 /* GameScene.sks */; };
		AE806D5A1FBD1151007784F6 /* GameScene.swift in Sources */ = {isa = PBXBuildFile; fileRef = AE806D441FBD1151007784F6 /* GameScene.swift */; };
		AE806D5B1FBD1151007784F6 /* s1.gif in Resources */ = {isa = PBXBuildFile; fileRef = AE806D461FBD1151007784F6 /* s1.gif */; };
		AE806D5C1FBD1151007784F6 /* s2.gif in Resources */ = {isa = PBXBuildFile; fileRef = AE806D471FBD1151007784F6 /* s2.gif */; };
		AE806D5D1FBD1151007784F6 /* sun_title.gif in Resources */ = {isa = PBXBuildFile; fileRef = AE806D481FBD1151007784F6 /* sun_title.gif */; };
		AE806D5E1FBD1151007784F6 /* Swift+Gif.swift in Sources */ = {isa = PBXBuildFile; fileRef = AE806D491FBD1151007784F6 /* Swift+Gif.swift */; };
		AE806D5F1FBD1151007784F6 /* BoardModel.swift in Sources */ = {isa = PBXBuildFile; fileRef = AE806D4B1FBD1151007784F6 /* BoardModel.swift */; };
		AE806D601FBD1151007784F6 /* GameModel.swift in Sources */ = {isa = PBXBuildFile; fileRef = AE806D4C1FBD1151007784F6 /* GameModel.swift */; };
		AE806D611FBD1151007784F6 /* PieceModel.swift in Sources */ = {isa = PBXBuildFile; fileRef = AE806D4D1FBD1151007784F6 /* PieceModel.swift */; };
		AE806D621FBD1151007784F6 /* To Do in Resources */ = {isa = PBXBuildFile; fileRef = AE806D4E1FBD1151007784F6 /* To Do */; };
		AE806D641FBD1151007784F6 /* GameViewController.swift in Sources */ = {isa = PBXBuildFile; fileRef = AE806D511FBD1151007784F6 /* GameViewController.swift */; };
		AE806D651FBD1151007784F6 /* HomeViewController.swift in Sources */ = {isa = PBXBuildFile; fileRef = AE806D521FBD1151007784F6 /* HomeViewController.swift */; };
		AE806D661FBD1151007784F6 /* SettingsViewController.swift in Sources */ = {isa = PBXBuildFile; fileRef = AE806D531FBD1151007784F6 /* SettingsViewController.swift */; };
		AE806D6D1FBD1232007784F6 /* LaunchScreen.storyboard in Resources */ = {isa = PBXBuildFile; fileRef = AE806D691FBD1232007784F6 /* LaunchScreen.storyboard */; };
		AE806D6E1FBD1232007784F6 /* Main.storyboard in Resources */ = {isa = PBXBuildFile; fileRef = AE806D6B1FBD1232007784F6 /* Main.storyboard */; };
		AE806D711FBD123B007784F6 /* CharChoice.swift in Sources */ = {isa = PBXBuildFile; fileRef = AE806D6F1FBD123B007784F6 /* CharChoice.swift */; };
		AE806D721FBD123B007784F6 /* settingsPopUp.swift in Sources */ = {isa = PBXBuildFile; fileRef = AE806D701FBD123B007784F6 /* settingsPopUp.swift */; };
/* End PBXBuildFile section */

/* Begin PBXFileReference section */
		3F08CBBD1FC9060D00EF2D36 /* Person2.png */ = {isa = PBXFileReference; lastKnownFileType = image.png; name = Person2.png; path = SSP/TempImages/Person2.png; sourceTree = SOURCE_ROOT; };
		3F08CBBE1FC9060D00EF2D36 /* Person1.jpg */ = {isa = PBXFileReference; lastKnownFileType = image.jpeg; name = Person1.jpg; path = SSP/TempImages/Person1.jpg; sourceTree = SOURCE_ROOT; };
		3F08CBBF1FC9060D00EF2D36 /* Person3.jpeg */ = {isa = PBXFileReference; lastKnownFileType = image.jpeg; name = Person3.jpeg; path = SSP/TempImages/Person3.jpeg; sourceTree = SOURCE_ROOT; };
		3F08CBC31FC910F700EF2D36 /* AbilityStoreTableViewCell.swift */ = {isa = PBXFileReference; lastKnownFileType = sourcecode.swift; path = AbilityStoreTableViewCell.swift; sourceTree = "<group>"; };
		3F08CBC51FC9112000EF2D36 /* AbilityStoreTableViewController.swift */ = {isa = PBXFileReference; lastKnownFileType = sourcecode.swift; path = AbilityStoreTableViewController.swift; sourceTree = "<group>"; };
		3F08CBCA1FC9155000EF2D36 /* TimeStopAbility.swift */ = {isa = PBXFileReference; fileEncoding = 4; lastKnownFileType = sourcecode.swift; name = TimeStopAbility.swift; path = SSP/Models/Abilities/TimeStopAbility.swift; sourceTree = SOURCE_ROOT; };
		3F3F19551FC386D300BA4D84 /* CharacterTableViewController.swift */ = {isa = PBXFileReference; lastKnownFileType = sourcecode.swift; path = CharacterTableViewController.swift; sourceTree = "<group>"; };
		3F3F19571FC387CA00BA4D84 /* CharacterTableViewCell.swift */ = {isa = PBXFileReference; lastKnownFileType = sourcecode.swift; path = CharacterTableViewCell.swift; sourceTree = "<group>"; };
		3F7996501FBFDD6200ABAC9B /* CharacterModel.swift */ = {isa = PBXFileReference; fileEncoding = 4; lastKnownFileType = sourcecode.swift; path = CharacterModel.swift; sourceTree = "<group>"; };
		3F7996511FBFDD6200ABAC9B /* AbilityModel.swift */ = {isa = PBXFileReference; fileEncoding = 4; lastKnownFileType = sourcecode.swift; path = AbilityModel.swift; sourceTree = "<group>"; };
		AE806D231FBD10D4007784F6 /* SSP.app */ = {isa = PBXFileReference; explicitFileType = wrapper.application; includeInIndex = 0; path = SSP.app; sourceTree = BUILT_PRODUCTS_DIR; };
		AE806D381FBD10D4007784F6 /* Info.plist */ = {isa = PBXFileReference; lastKnownFileType = text.plist.xml; path = Info.plist; sourceTree = "<group>"; };
		AE806D3E1FBD1151007784F6 /* AppDelegate.swift */ = {isa = PBXFileReference; fileEncoding = 4; lastKnownFileType = sourcecode.swift; path = AppDelegate.swift; sourceTree = "<group>"; };
		AE806D3F1FBD1151007784F6 /* Assets.xcassets */ = {isa = PBXFileReference; lastKnownFileType = folder.assetcatalog; path = Assets.xcassets; sourceTree = "<group>"; };
		AE806D431FBD1151007784F6 /* GameScene.sks */ = {isa = PBXFileReference; lastKnownFileType = file.sks; path = GameScene.sks; sourceTree = "<group>"; };
		AE806D441FBD1151007784F6 /* GameScene.swift */ = {isa = PBXFileReference; fileEncoding = 4; lastKnownFileType = sourcecode.swift; path = GameScene.swift; sourceTree = "<group>"; };
		AE806D461FBD1151007784F6 /* s1.gif */ = {isa = PBXFileReference; lastKnownFileType = image.gif; path = s1.gif; sourceTree = "<group>"; };
		AE806D471FBD1151007784F6 /* s2.gif */ = {isa = PBXFileReference; lastKnownFileType = image.gif; path = s2.gif; sourceTree = "<group>"; };
		AE806D481FBD1151007784F6 /* sun_title.gif */ = {isa = PBXFileReference; lastKnownFileType = image.gif; path = sun_title.gif; sourceTree = "<group>"; };
		AE806D491FBD1151007784F6 /* Swift+Gif.swift */ = {isa = PBXFileReference; fileEncoding = 4; lastKnownFileType = sourcecode.swift; path = "Swift+Gif.swift"; sourceTree = "<group>"; };
		AE806D4B1FBD1151007784F6 /* BoardModel.swift */ = {isa = PBXFileReference; fileEncoding = 4; lastKnownFileType = sourcecode.swift; path = BoardModel.swift; sourceTree = "<group>"; };
		AE806D4C1FBD1151007784F6 /* GameModel.swift */ = {isa = PBXFileReference; fileEncoding = 4; lastKnownFileType = sourcecode.swift; path = GameModel.swift; sourceTree = "<group>"; };
		AE806D4D1FBD1151007784F6 /* PieceModel.swift */ = {isa = PBXFileReference; fileEncoding = 4; lastKnownFileType = sourcecode.swift; path = PieceModel.swift; sourceTree = "<group>"; };
		AE806D4E1FBD1151007784F6 /* To Do */ = {isa = PBXFileReference; fileEncoding = 4; lastKnownFileType = text; path = "To Do"; sourceTree = "<group>"; };
		AE806D511FBD1151007784F6 /* GameViewController.swift */ = {isa = PBXFileReference; fileEncoding = 4; lastKnownFileType = sourcecode.swift; path = GameViewController.swift; sourceTree = "<group>"; };
		AE806D521FBD1151007784F6 /* HomeViewController.swift */ = {isa = PBXFileReference; fileEncoding = 4; lastKnownFileType = sourcecode.swift; path = HomeViewController.swift; sourceTree = "<group>"; };
		AE806D531FBD1151007784F6 /* SettingsViewController.swift */ = {isa = PBXFileReference; fileEncoding = 4; lastKnownFileType = sourcecode.swift; path = SettingsViewController.swift; sourceTree = "<group>"; };
		AE806D6A1FBD1232007784F6 /* Base */ = {isa = PBXFileReference; lastKnownFileType = file.storyboard; name = Base; path = LaunchScreen.storyboard; sourceTree = "<group>"; };
		AE806D6C1FBD1232007784F6 /* Base */ = {isa = PBXFileReference; lastKnownFileType = file.storyboard; name = Base; path = Main.storyboard; sourceTree = "<group>"; };
		AE806D6F1FBD123B007784F6 /* CharChoice.swift */ = {isa = PBXFileReference; fileEncoding = 4; lastKnownFileType = sourcecode.swift; path = CharChoice.swift; sourceTree = "<group>"; };
		AE806D701FBD123B007784F6 /* settingsPopUp.swift */ = {isa = PBXFileReference; fileEncoding = 4; lastKnownFileType = sourcecode.swift; path = settingsPopUp.swift; sourceTree = "<group>"; };
/* End PBXFileReference section */

/* Begin PBXFrameworksBuildPhase section */
		AE806D201FBD10D4007784F6 /* Frameworks */ = {
			isa = PBXFrameworksBuildPhase;
			buildActionMask = 2147483647;
			files = (
			);
			runOnlyForDeploymentPostprocessing = 0;
		};
/* End PBXFrameworksBuildPhase section */

/* Begin PBXGroup section */
		3F08CBC91FC914E200EF2D36 /* Abilities */ = {
			isa = PBXGroup;
			children = (
				3F08CBCA1FC9155000EF2D36 /* TimeStopAbility.swift */,
			);
			name = Abilities;
			path = "New Group";
			sourceTree = "<group>";
		};
		3F2303BF1FBFE40A004FF058 /* TempImages */ = {
			isa = PBXGroup;
			children = (
				3F08CBBE1FC9060D00EF2D36 /* Person1.jpg */,
				3F08CBBD1FC9060D00EF2D36 /* Person2.png */,
				3F08CBBF1FC9060D00EF2D36 /* Person3.jpeg */,
			);
			name = TempImages;
			path = "New Group";
			sourceTree = "<group>";
		};
		AE806D1A1FBD10D4007784F6 = {
			isa = PBXGroup;
			children = (
				AE806D251FBD10D4007784F6 /* SSP */,
				AE806D241FBD10D4007784F6 /* Products */,
			);
			sourceTree = "<group>";
		};
		AE806D241FBD10D4007784F6 /* Products */ = {
			isa = PBXGroup;
			children = (
				AE806D231FBD10D4007784F6 /* SSP.app */,
			);
			name = Products;
			sourceTree = "<group>";
		};
		AE806D251FBD10D4007784F6 /* SSP */ = {
			isa = PBXGroup;
			children = (
				3F2303BF1FBFE40A004FF058 /* TempImages */,
				AE806D3E1FBD1151007784F6 /* AppDelegate.swift */,
				AE806D3F1FBD1151007784F6 /* Assets.xcassets */,
				AE806D401FBD1151007784F6 /* Base.lproj */,
				AE806D411FBD1151007784F6 /* Designs */,
				AE806D421FBD1151007784F6 /* GameScene */,
				AE806D451FBD1151007784F6 /* Gifs */,
				AE806D4A1FBD1151007784F6 /* Models */,
				AE806D4F1FBD1151007784F6 /* ViewControllers */,
				AE806D541FBD1151007784F6 /* Views */,
				AE806D381FBD10D4007784F6 /* Info.plist */,
				AE806D4E1FBD1151007784F6 /* To Do */,
			);
			path = SSP;
			sourceTree = "<group>";
		};
		AE806D401FBD1151007784F6 /* Base.lproj */ = {
			isa = PBXGroup;
			children = (
				AE806D691FBD1232007784F6 /* LaunchScreen.storyboard */,
				AE806D6B1FBD1232007784F6 /* Main.storyboard */,
			);
			path = Base.lproj;
			sourceTree = "<group>";
		};
		AE806D411FBD1151007784F6 /* Designs */ = {
			isa = PBXGroup;
			children = (
				AE806D6F1FBD123B007784F6 /* CharChoice.swift */,
				AE806D701FBD123B007784F6 /* settingsPopUp.swift */,
			);
			path = Designs;
			sourceTree = "<group>";
		};
		AE806D421FBD1151007784F6 /* GameScene */ = {
			isa = PBXGroup;
			children = (
				AE806D431FBD1151007784F6 /* GameScene.sks */,
				AE806D441FBD1151007784F6 /* GameScene.swift */,
			);
			path = GameScene;
			sourceTree = "<group>";
		};
		AE806D451FBD1151007784F6 /* Gifs */ = {
			isa = PBXGroup;
			children = (
				AE806D461FBD1151007784F6 /* s1.gif */,
				AE806D471FBD1151007784F6 /* s2.gif */,
				AE806D481FBD1151007784F6 /* sun_title.gif */,
				AE806D491FBD1151007784F6 /* Swift+Gif.swift */,
			);
			path = Gifs;
			sourceTree = "<group>";
		};
		AE806D4A1FBD1151007784F6 /* Models */ = {
			isa = PBXGroup;
			children = (
				3F08CBC91FC914E200EF2D36 /* Abilities */,
				3F7996511FBFDD6200ABAC9B /* AbilityModel.swift */,
				3F7996501FBFDD6200ABAC9B /* CharacterModel.swift */,
				AE806D4B1FBD1151007784F6 /* BoardModel.swift */,
				AE806D4C1FBD1151007784F6 /* GameModel.swift */,
				AE806D4D1FBD1151007784F6 /* PieceModel.swift */,
			);
			path = Models;
			sourceTree = "<group>";
		};
		AE806D4F1FBD1151007784F6 /* ViewControllers */ = {
			isa = PBXGroup;
			children = (
				AE806D521FBD1151007784F6 /* HomeViewController.swift */,
				AE806D511FBD1151007784F6 /* GameViewController.swift */,
				AE806D531FBD1151007784F6 /* SettingsViewController.swift */,
				3F3F19551FC386D300BA4D84 /* CharacterTableViewController.swift */,
				3F08CBC51FC9112000EF2D36 /* AbilityStoreTableViewController.swift */,
			);
			path = ViewControllers;
			sourceTree = "<group>";
		};
		AE806D541FBD1151007784F6 /* Views */ = {
			isa = PBXGroup;
			children = (
				3F3F19571FC387CA00BA4D84 /* CharacterTableViewCell.swift */,
				3F08CBC31FC910F700EF2D36 /* AbilityStoreTableViewCell.swift */,
			);
			path = Views;
			sourceTree = "<group>";
		};
/* End PBXGroup section */

/* Begin PBXNativeTarget section */
		AE806D221FBD10D4007784F6 /* SSP */ = {
			isa = PBXNativeTarget;
			buildConfigurationList = AE806D3B1FBD10D4007784F6 /* Build configuration list for PBXNativeTarget "SSP" */;
			buildPhases = (
				AE806D1F1FBD10D4007784F6 /* Sources */,
				AE806D201FBD10D4007784F6 /* Frameworks */,
				AE806D211FBD10D4007784F6 /* Resources */,
			);
			buildRules = (
			);
			dependencies = (
			);
			name = SSP;
			productName = SSP;
			productReference = AE806D231FBD10D4007784F6 /* SSP.app */;
			productType = "com.apple.product-type.application";
		};
/* End PBXNativeTarget section */

/* Begin PBXProject section */
		AE806D1B1FBD10D4007784F6 /* Project object */ = {
			isa = PBXProject;
			attributes = {
				LastSwiftUpdateCheck = 0800;
				LastUpgradeCheck = 0800;
				ORGANIZATIONNAME = CodeMunkeys;
				TargetAttributes = {
					AE806D221FBD10D4007784F6 = {
						CreatedOnToolsVersion = 8.0;
						DevelopmentTeam = 5EDBUG34FY;
						LastSwiftMigration = 0800;
						ProvisioningStyle = Automatic;
					};
				};
			};
			buildConfigurationList = AE806D1E1FBD10D4007784F6 /* Build configuration list for PBXProject "SSP" */;
			compatibilityVersion = "Xcode 3.2";
			developmentRegion = English;
			hasScannedForEncodings = 0;
			knownRegions = (
				en,
				Base,
			);
			mainGroup = AE806D1A1FBD10D4007784F6;
			productRefGroup = AE806D241FBD10D4007784F6 /* Products */;
			projectDirPath = "";
			projectRoot = "";
			targets = (
				AE806D221FBD10D4007784F6 /* SSP */,
			);
		};
/* End PBXProject section */

/* Begin PBXResourcesBuildPhase section */
		AE806D211FBD10D4007784F6 /* Resources */ = {
			isa = PBXResourcesBuildPhase;
			buildActionMask = 2147483647;
			files = (
				AE806D5D1FBD1151007784F6 /* sun_title.gif in Resources */,
				3F08CBC21FC9060D00EF2D36 /* Person3.jpeg in Resources */,
				AE806D5B1FBD1151007784F6 /* s1.gif in Resources */,
				3F08CBC01FC9060D00EF2D36 /* Person2.png in Resources */,
				AE806D591FBD1151007784F6 /* GameScene.sks in Resources */,
				AE806D6E1FBD1232007784F6 /* Main.storyboard in Resources */,
				AE806D621FBD1151007784F6 /* To Do in Resources */,
				3F08CBC11FC9060D00EF2D36 /* Person1.jpg in Resources */,
				AE806D6D1FBD1232007784F6 /* LaunchScreen.storyboard in Resources */,
				AE806D581FBD1151007784F6 /* Assets.xcassets in Resources */,
				AE806D5C1FBD1151007784F6 /* s2.gif in Resources */,
			);
			runOnlyForDeploymentPostprocessing = 0;
		};
/* End PBXResourcesBuildPhase section */

/* Begin PBXSourcesBuildPhase section */
		AE806D1F1FBD10D4007784F6 /* Sources */ = {
			isa = PBXSourcesBuildPhase;
			buildActionMask = 2147483647;
			files = (
				AE806D601FBD1151007784F6 /* GameModel.swift in Sources */,
				3F3F19561FC386D300BA4D84 /* CharacterTableViewController.swift in Sources */,
				AE806D5F1FBD1151007784F6 /* BoardModel.swift in Sources */,
				AE806D661FBD1151007784F6 /* SettingsViewController.swift in Sources */,
				3F08CBC61FC9112000EF2D36 /* AbilityStoreTableViewController.swift in Sources */,
				AE806D611FBD1151007784F6 /* PieceModel.swift in Sources */,
				AE806D641FBD1151007784F6 /* GameViewController.swift in Sources */,
				3F7996521FBFDD6200ABAC9B /* CharacterModel.swift in Sources */,
				AE806D711FBD123B007784F6 /* CharChoice.swift in Sources */,
				AE806D651FBD1151007784F6 /* HomeViewController.swift in Sources */,
				AE806D5A1FBD1151007784F6 /* GameScene.swift in Sources */,
				3F3F19581FC387CA00BA4D84 /* CharacterTableViewCell.swift in Sources */,
				AE806D5E1FBD1151007784F6 /* Swift+Gif.swift in Sources */,
				3F7996531FBFDD6200ABAC9B /* AbilityModel.swift in Sources */,
				AE806D571FBD1151007784F6 /* AppDelegate.swift in Sources */,
				AE806D721FBD123B007784F6 /* settingsPopUp.swift in Sources */,
				3F08CBC41FC910F700EF2D36 /* AbilityStoreTableViewCell.swift in Sources */,
				3F08CBCB1FC9155000EF2D36 /* TimeStopAbility.swift in Sources */,
			);
			runOnlyForDeploymentPostprocessing = 0;
		};
/* End PBXSourcesBuildPhase section */

/* Begin PBXVariantGroup section */
		AE806D691FBD1232007784F6 /* LaunchScreen.storyboard */ = {
			isa = PBXVariantGroup;
			children = (
				AE806D6A1FBD1232007784F6 /* Base */,
			);
			name = LaunchScreen.storyboard;
			sourceTree = "<group>";
		};
		AE806D6B1FBD1232007784F6 /* Main.storyboard */ = {
			isa = PBXVariantGroup;
			children = (
				AE806D6C1FBD1232007784F6 /* Base */,
			);
			name = Main.storyboard;
			sourceTree = "<group>";
		};
/* End PBXVariantGroup section */

/* Begin XCBuildConfiguration section */
		AE806D391FBD10D4007784F6 /* Debug */ = {
			isa = XCBuildConfiguration;
			buildSettings = {
				ALWAYS_SEARCH_USER_PATHS = NO;
				CLANG_ANALYZER_NONNULL = YES;
				CLANG_CXX_LANGUAGE_STANDARD = "gnu++0x";
				CLANG_CXX_LIBRARY = "libc++";
				CLANG_ENABLE_MODULES = YES;
				CLANG_ENABLE_OBJC_ARC = YES;
				CLANG_WARN_BOOL_CONVERSION = YES;
				CLANG_WARN_CONSTANT_CONVERSION = YES;
				CLANG_WARN_DIRECT_OBJC_ISA_USAGE = YES_ERROR;
				CLANG_WARN_DOCUMENTATION_COMMENTS = YES;
				CLANG_WARN_EMPTY_BODY = YES;
				CLANG_WARN_ENUM_CONVERSION = YES;
				CLANG_WARN_INFINITE_RECURSION = YES;
				CLANG_WARN_INT_CONVERSION = YES;
				CLANG_WARN_OBJC_ROOT_CLASS = YES_ERROR;
				CLANG_WARN_SUSPICIOUS_MOVES = YES;
				CLANG_WARN_UNREACHABLE_CODE = YES;
				CLANG_WARN__DUPLICATE_METHOD_MATCH = YES;
				"CODE_SIGN_IDENTITY[sdk=iphoneos*]" = "iPhone Developer";
				COPY_PHASE_STRIP = NO;
				DEBUG_INFORMATION_FORMAT = dwarf;
				ENABLE_STRICT_OBJC_MSGSEND = YES;
				ENABLE_TESTABILITY = YES;
				GCC_C_LANGUAGE_STANDARD = gnu99;
				GCC_DYNAMIC_NO_PIC = NO;
				GCC_NO_COMMON_BLOCKS = YES;
				GCC_OPTIMIZATION_LEVEL = 0;
				GCC_PREPROCESSOR_DEFINITIONS = (
					"DEBUG=1",
					"$(inherited)",
				);
				GCC_WARN_64_TO_32_BIT_CONVERSION = YES;
				GCC_WARN_ABOUT_RETURN_TYPE = YES_ERROR;
				GCC_WARN_UNDECLARED_SELECTOR = YES;
				GCC_WARN_UNINITIALIZED_AUTOS = YES_AGGRESSIVE;
				GCC_WARN_UNUSED_FUNCTION = YES;
				GCC_WARN_UNUSED_VARIABLE = YES;
				IPHONEOS_DEPLOYMENT_TARGET = 10.0;
				MTL_ENABLE_DEBUG_INFO = YES;
				ONLY_ACTIVE_ARCH = YES;
				SDKROOT = iphoneos;
				SWIFT_ACTIVE_COMPILATION_CONDITIONS = DEBUG;
				SWIFT_OPTIMIZATION_LEVEL = "-Onone";
			};
			name = Debug;
		};
		AE806D3A1FBD10D4007784F6 /* Release */ = {
			isa = XCBuildConfiguration;
			buildSettings = {
				ALWAYS_SEARCH_USER_PATHS = NO;
				CLANG_ANALYZER_NONNULL = YES;
				CLANG_CXX_LANGUAGE_STANDARD = "gnu++0x";
				CLANG_CXX_LIBRARY = "libc++";
				CLANG_ENABLE_MODULES = YES;
				CLANG_ENABLE_OBJC_ARC = YES;
				CLANG_WARN_BOOL_CONVERSION = YES;
				CLANG_WARN_CONSTANT_CONVERSION = YES;
				CLANG_WARN_DIRECT_OBJC_ISA_USAGE = YES_ERROR;
				CLANG_WARN_DOCUMENTATION_COMMENTS = YES;
				CLANG_WARN_EMPTY_BODY = YES;
				CLANG_WARN_ENUM_CONVERSION = YES;
				CLANG_WARN_INFINITE_RECURSION = YES;
				CLANG_WARN_INT_CONVERSION = YES;
				CLANG_WARN_OBJC_ROOT_CLASS = YES_ERROR;
				CLANG_WARN_SUSPICIOUS_MOVES = YES;
				CLANG_WARN_UNREACHABLE_CODE = YES;
				CLANG_WARN__DUPLICATE_METHOD_MATCH = YES;
				"CODE_SIGN_IDENTITY[sdk=iphoneos*]" = "iPhone Developer";
				COPY_PHASE_STRIP = NO;
				DEBUG_INFORMATION_FORMAT = "dwarf-with-dsym";
				ENABLE_NS_ASSERTIONS = NO;
				ENABLE_STRICT_OBJC_MSGSEND = YES;
				GCC_C_LANGUAGE_STANDARD = gnu99;
				GCC_NO_COMMON_BLOCKS = YES;
				GCC_WARN_64_TO_32_BIT_CONVERSION = YES;
				GCC_WARN_ABOUT_RETURN_TYPE = YES_ERROR;
				GCC_WARN_UNDECLARED_SELECTOR = YES;
				GCC_WARN_UNINITIALIZED_AUTOS = YES_AGGRESSIVE;
				GCC_WARN_UNUSED_FUNCTION = YES;
				GCC_WARN_UNUSED_VARIABLE = YES;
				IPHONEOS_DEPLOYMENT_TARGET = 10.0;
				MTL_ENABLE_DEBUG_INFO = NO;
				SDKROOT = iphoneos;
				SWIFT_OPTIMIZATION_LEVEL = "-Owholemodule";
				VALIDATE_PRODUCT = YES;
			};
			name = Release;
		};
		AE806D3C1FBD10D4007784F6 /* Debug */ = {
			isa = XCBuildConfiguration;
			buildSettings = {
				ASSETCATALOG_COMPILER_APPICON_NAME = AppIcon;
				CLANG_ENABLE_MODULES = YES;
				DEVELOPMENT_TEAM = 5EDBUG34FY;
				INFOPLIST_FILE = SSP/Info.plist;
				IPHONEOS_DEPLOYMENT_TARGET = 10.0;
				LD_RUNPATH_SEARCH_PATHS = "$(inherited) @executable_path/Frameworks";
				PRODUCT_BUNDLE_IDENTIFIER = CodeMunkeys.io.SSP;
				PRODUCT_NAME = "$(TARGET_NAME)";
				SWIFT_OPTIMIZATION_LEVEL = "-Onone";
				SWIFT_VERSION = 3.0;
			};
			name = Debug;
		};
		AE806D3D1FBD10D4007784F6 /* Release */ = {
			isa = XCBuildConfiguration;
			buildSettings = {
				ASSETCATALOG_COMPILER_APPICON_NAME = AppIcon;
				CLANG_ENABLE_MODULES = YES;
				DEVELOPMENT_TEAM = 5EDBUG34FY;
				INFOPLIST_FILE = SSP/Info.plist;
				IPHONEOS_DEPLOYMENT_TARGET = 10.0;
				LD_RUNPATH_SEARCH_PATHS = "$(inherited) @executable_path/Frameworks";
				PRODUCT_BUNDLE_IDENTIFIER = CodeMunkeys.io.SSP;
				PRODUCT_NAME = "$(TARGET_NAME)";
				SWIFT_VERSION = 3.0;
			};
			name = Release;
		};
/* End XCBuildConfiguration section */

/* Begin XCConfigurationList section */
		AE806D1E1FBD10D4007784F6 /* Build configuration list for PBXProject "SSP" */ = {
			isa = XCConfigurationList;
			buildConfigurations = (
				AE806D391FBD10D4007784F6 /* Debug */,
				AE806D3A1FBD10D4007784F6 /* Release */,
			);
			defaultConfigurationIsVisible = 0;
			defaultConfigurationName = Release;
		};
		AE806D3B1FBD10D4007784F6 /* Build configuration list for PBXNativeTarget "SSP" */ = {
			isa = XCConfigurationList;
			buildConfigurations = (
				AE806D3C1FBD10D4007784F6 /* Debug */,
				AE806D3D1FBD10D4007784F6 /* Release */,
			);
			defaultConfigurationIsVisible = 0;
			defaultConfigurationName = Release;
		};
/* End XCConfigurationList section */
	};
	rootObject = AE806D1B1FBD10D4007784F6 /* Project object */;
}
